
Microsoft Visual Studio Solution File, Format Version 12.00
# Visual Studio Version 17
VisualStudioVersion = 17.5.33516.290
MinimumVisualStudioVersion = 10.0.40219.1
Project("{FAE04EC0-301F-11D3-BF4B-00C04F79EFBC}") = "PsPdf", "PsPdf\PsPdf.csproj", "{8E8B349E-76D2-4BD9-9C92-BDA4FBF185B7}"
EndProject
Project("{FAE04EC0-301F-11D3-BF4B-00C04F79EFBC}") = "PdfLibTests", "PdfLibTests\PdfLibTests.csproj", "{B3E45867-A94E-4091-B1B5-F74F9B20B40D}"
EndProject
Project("{9A19103F-16F7-4668-BE54-9A1E7A4F7556}") = "PdfLib", "PdfLib\PdfLib.csproj", "{1A9467F9-B325-4095-8F63-AA919CA82732}"
EndProject
Global
	GlobalSection(SolutionConfigurationPlatforms) = preSolution
		Debug|Any CPU = Debug|Any CPU
		Release|Any CPU = Release|Any CPU
	EndGlobalSection
	GlobalSection(ProjectConfigurationPlatforms) = postSolution
		{8E8B349E-76D2-4BD9-9C92-BDA4FBF185B7}.Debug|Any CPU.ActiveCfg = Debug|Any CPU
		{8E8B349E-76D2-4BD9-9C92-BDA4FBF185B7}.Debug|Any CPU.Build.0 = Debug|Any CPU
		{8E8B349E-76D2-4BD9-9C92-BDA4FBF185B7}.Release|Any CPU.ActiveCfg = Release|Any CPU
		{8E8B349E-76D2-4BD9-9C92-BDA4FBF185B7}.Release|Any CPU.Build.0 = Release|Any CPU
		{B3E45867-A94E-4091-B1B5-F74F9B20B40D}.Debug|Any CPU.ActiveCfg = Debug|Any CPU
		{B3E45867-A94E-4091-B1B5-F74F9B20B40D}.Debug|Any CPU.Build.0 = Debug|Any CPU
		{B3E45867-A94E-4091-B1B5-F74F9B20B40D}.Release|Any CPU.ActiveCfg = Release|Any CPU
		{B3E45867-A94E-4091-B1B5-F74F9B20B40D}.Release|Any CPU.Build.0 = Release|Any CPU
		{1A9467F9-B325-4095-8F63-AA919CA82732}.Debug|Any CPU.ActiveCfg = Debug|Any CPU
		{1A9467F9-B325-4095-8F63-AA919CA82732}.Debug|Any CPU.Build.0 = Debug|Any CPU
		{1A9467F9-B325-4095-8F63-AA919CA82732}.Release|Any CPU.ActiveCfg = Release|Any CPU
		{1A9467F9-B325-4095-8F63-AA919CA82732}.Release|Any CPU.Build.0 = Release|Any CPU
	EndGlobalSection
	GlobalSection(SolutionProperties) = preSolution
		HideSolutionNode = FALSE
	EndGlobalSection
	GlobalSection(ExtensibilityGlobals) = postSolution
		SolutionGuid = {CCD34C6E-C049-4290-98F1-23B959FCE82D}
	EndGlobalSection
EndGlobal
