
Microsoft Visual Studio Solution File, Format Version 12.00
# Visual Studio Version 16
VisualStudioVersion = 16.0.32002.261
MinimumVisualStudioVersion = 10.0.40219.1
Project("{9A19103F-16F7-4668-BE54-9A1E7A4F7556}") = "PsPdf", "PsPdf\PsPdf.csproj", "{8A684BA8-44DC-4DFD-A32F-7EA07B32C1FF}"
EndProject
Project("{FAE04EC0-301F-11D3-BF4B-00C04F79EFBC}") = "PdfLib", "PdfLib\PdfLib.csproj", "{1876A548-C052-4E0F-9408-C9A4ED9A8FC2}"
EndProject
Global
	GlobalSection(SolutionConfigurationPlatforms) = preSolution
		Debug|Any CPU = Debug|Any CPU
		Release|Any CPU = Release|Any CPU
	EndGlobalSection
	GlobalSection(ProjectConfigurationPlatforms) = postSolution
		{8A684BA8-44DC-4DFD-A32F-7EA07B32C1FF}.Debug|Any CPU.ActiveCfg = Debug|Any CPU
		{8A684BA8-44DC-4DFD-A32F-7EA07B32C1FF}.Debug|Any CPU.Build.0 = Debug|Any CPU
		{8A684BA8-44DC-4DFD-A32F-7EA07B32C1FF}.Release|Any CPU.ActiveCfg = Release|Any CPU
		{8A684BA8-44DC-4DFD-A32F-7EA07B32C1FF}.Release|Any CPU.Build.0 = Release|Any CPU
		{1876A548-C052-4E0F-9408-C9A4ED9A8FC2}.Debug|Any CPU.ActiveCfg = Debug|Any CPU
		{1876A548-C052-4E0F-9408-C9A4ED9A8FC2}.Debug|Any CPU.Build.0 = Debug|Any CPU
		{1876A548-C052-4E0F-9408-C9A4ED9A8FC2}.Release|Any CPU.ActiveCfg = Release|Any CPU
		{1876A548-C052-4E0F-9408-C9A4ED9A8FC2}.Release|Any CPU.Build.0 = Release|Any CPU
	EndGlobalSection
	GlobalSection(SolutionProperties) = preSolution
		HideSolutionNode = FALSE
	EndGlobalSection
	GlobalSection(ExtensibilityGlobals) = postSolution
		SolutionGuid = {CCD34C6E-C049-4290-98F1-23B959FCE82D}
	EndGlobalSection
EndGlobal
